
Microsoft Visual Studio Solution File, Format Version 12.00
# Visual Studio Version 17
VisualStudioVersion = 17.13.35818.85
MinimumVisualStudioVersion = 10.0.40219.1
Project("{FAE04EC0-301F-11D3-BF4B-00C04F79EFBC}") = "ControledeAcesso.UI", "ProjetoWfa\ControledeAcesso.UI.csproj", "{4CD3CEE8-9799-49EF-9211-B37D05DC8D18}"
EndProject
Project("{FAE04EC0-301F-11D3-BF4B-00C04F79EFBC}") = "ControledeAcesso.Core", "ControledeAcesso.Core\ControledeAcesso.Core.csproj", "{D5D6773A-F7D5-48D2-9FD9-9A03B7696358}"
EndProject
Global
	GlobalSection(SolutionConfigurationPlatforms) = preSolution
		Debug|Any CPU = Debug|Any CPU
		Release|Any CPU = Release|Any CPU
	EndGlobalSection
	GlobalSection(ProjectConfigurationPlatforms) = postSolution
		{4CD3CEE8-9799-49EF-9211-B37D05DC8D18}.Debug|Any CPU.ActiveCfg = Debug|Any CPU
		{4CD3CEE8-9799-49EF-9211-B37D05DC8D18}.Debug|Any CPU.Build.0 = Debug|Any CPU
		{4CD3CEE8-9799-49EF-9211-B37D05DC8D18}.Release|Any CPU.ActiveCfg = Release|Any CPU
		{4CD3CEE8-9799-49EF-9211-B37D05DC8D18}.Release|Any CPU.Build.0 = Release|Any CPU
		{D5D6773A-F7D5-48D2-9FD9-9A03B7696358}.Debug|Any CPU.ActiveCfg = Debug|Any CPU
		{D5D6773A-F7D5-48D2-9FD9-9A03B7696358}.Debug|Any CPU.Build.0 = Debug|Any CPU
		{D5D6773A-F7D5-48D2-9FD9-9A03B7696358}.Release|Any CPU.ActiveCfg = Release|Any CPU
		{D5D6773A-F7D5-48D2-9FD9-9A03B7696358}.Release|Any CPU.Build.0 = Release|Any CPU
	EndGlobalSection
	GlobalSection(SolutionProperties) = preSolution
		HideSolutionNode = FALSE
	EndGlobalSection
	GlobalSection(ExtensibilityGlobals) = postSolution
		SolutionGuid = {1ABE02A3-B56D-4F51-8503-3B4674CC43AD}
	EndGlobalSection
EndGlobal
